
Microsoft Visual Studio Solution File, Format Version 12.00
# Visual Studio Version 17
VisualStudioVersion = 17.10.34916.146
MinimumVisualStudioVersion = 10.0.40219.1
Project("{FAE04EC0-301F-11D3-BF4B-00C04F79EFBC}") = "GateWay", "GateWay.csproj", "{324FADF2-4963-494A-A4F5-17F21C758690}"
EndProject
Global
	GlobalSection(SolutionConfigurationPlatforms) = preSolution
		Debug|Any CPU = Debug|Any CPU
		Release|Any CPU = Release|Any CPU
	EndGlobalSection
	GlobalSection(ProjectConfigurationPlatforms) = postSolution
		{324FADF2-4963-494A-A4F5-17F21C758690}.Debug|Any CPU.ActiveCfg = Debug|Any CPU
		{324FADF2-4963-494A-A4F5-17F21C758690}.Debug|Any CPU.Build.0 = Debug|Any CPU
		{324FADF2-4963-494A-A4F5-17F21C758690}.Release|Any CPU.ActiveCfg = Release|Any CPU
		{324FADF2-4963-494A-A4F5-17F21C758690}.Release|Any CPU.Build.0 = Release|Any CPU
	EndGlobalSection
	GlobalSection(SolutionProperties) = preSolution
		HideSolutionNode = FALSE
	EndGlobalSection
	GlobalSection(ExtensibilityGlobals) = postSolution
		SolutionGuid = {EC992C28-D677-44A1-922E-1CE97DAB1A89}
	EndGlobalSection
EndGlobal
